// !$*UTF8*$!
{
	archiveVersion = 1;
	classes = {
	};
	objectVersion = 51;
	objects = {

/* Begin PBXBuildFile section */
		1861064A245994D900E3BC61 /* AppDelegate.swift in Sources */ = {isa = PBXBuildFile; fileRef = 18610649245994D900E3BC61 /* AppDelegate.swift */; };
		1861064C245994D900E3BC61 /* SceneDelegate.swift in Sources */ = {isa = PBXBuildFile; fileRef = 1861064B245994D900E3BC61 /* SceneDelegate.swift */; };
		1861064E245994D900E3BC61 /* ViewController.swift in Sources */ = {isa = PBXBuildFile; fileRef = 1861064D245994D900E3BC61 /* ViewController.swift */; };
		18610651245994D900E3BC61 /* Main.storyboard in Resources */ = {isa = PBXBuildFile; fileRef = 1861064F245994D900E3BC61 /* Main.storyboard */; };
		18610653245994DC00E3BC61 /* Assets.xcassets in Resources */ = {isa = PBXBuildFile; fileRef = 18610652245994DC00E3BC61 /* Assets.xcassets */; };
		18610656245994DC00E3BC61 /* LaunchScreen.storyboard in Resources */ = {isa = PBXBuildFile; fileRef = 18610654245994DC00E3BC61 /* LaunchScreen.storyboard */; };
		18610661245994DC00E3BC61 /* EmployerTests.swift in Sources */ = {isa = PBXBuildFile; fileRef = 18610660245994DC00E3BC61 /* EmployerTests.swift */; };
		1861066C245994DC00E3BC61 /* EmployerUITests.swift in Sources */ = {isa = PBXBuildFile; fileRef = 1861066B245994DC00E3BC61 /* EmployerUITests.swift */; };
		1861067A2459975A00E3BC61 /* EmployeeCodables.swift in Sources */ = {isa = PBXBuildFile; fileRef = 186106792459975A00E3BC61 /* EmployeeCodables.swift */; };
		18832ACE2459A18000E118EF /* Environment.swift in Sources */ = {isa = PBXBuildFile; fileRef = 18832ACD2459A18000E118EF /* Environment.swift */; };
		18832AD02459A27400E118EF /* RequestType.swift in Sources */ = {isa = PBXBuildFile; fileRef = 18832ACF2459A27400E118EF /* RequestType.swift */; };
		18832AD22459A2A500E118EF /* BaseRequest.swift in Sources */ = {isa = PBXBuildFile; fileRef = 18832AD12459A2A500E118EF /* BaseRequest.swift */; };
		18905FB12459A7B300ED07F9 /* Alamofire.framework in Frameworks */ = {isa = PBXBuildFile; fileRef = 18905FB02459A7B300ED07F9 /* Alamofire.framework */; };
		18905FB22459A7B300ED07F9 /* Alamofire.framework in Embed Frameworks */ = {isa = PBXBuildFile; fileRef = 18905FB02459A7B300ED07F9 /* Alamofire.framework */; settings = {ATTRIBUTES = (CodeSignOnCopy, RemoveHeadersOnCopy, ); }; };
		18905FB52459A7EB00ED07F9 /* SDWebImage.framework in Frameworks */ = {isa = PBXBuildFile; fileRef = 18905FB42459A7EB00ED07F9 /* SDWebImage.framework */; };
		18905FB62459A7EB00ED07F9 /* SDWebImage.framework in Embed Frameworks */ = {isa = PBXBuildFile; fileRef = 18905FB42459A7EB00ED07F9 /* SDWebImage.framework */; settings = {ATTRIBUTES = (CodeSignOnCopy, RemoveHeadersOnCopy, ); }; };
		ABC14D13B20338F5B31A890E /* Pods_Employer.framework in Frameworks */ = {isa = PBXBuildFile; fileRef = 1B38264D661A06AA76D7B337 /* Pods_Employer.framework */; };
/* End PBXBuildFile section */

/* Begin PBXContainerItemProxy section */
		1861065D245994DC00E3BC61 /* PBXContainerItemProxy */ = {
			isa = PBXContainerItemProxy;
			containerPortal = 1861063E245994D900E3BC61 /* Project object */;
			proxyType = 1;
			remoteGlobalIDString = 18610645245994D900E3BC61;
			remoteInfo = Employer;
		};
		18610668245994DC00E3BC61 /* PBXContainerItemProxy */ = {
			isa = PBXContainerItemProxy;
			containerPortal = 1861063E245994D900E3BC61 /* Project object */;
			proxyType = 1;
			remoteGlobalIDString = 18610645245994D900E3BC61;
			remoteInfo = Employer;
		};
/* End PBXContainerItemProxy section */

/* Begin PBXCopyFilesBuildPhase section */
		18905FB32459A7B300ED07F9 /* Embed Frameworks */ = {
			isa = PBXCopyFilesBuildPhase;
			buildActionMask = 2147483647;
			dstPath = "";
			dstSubfolderSpec = 10;
			files = (
				18905FB62459A7EB00ED07F9 /* SDWebImage.framework in Embed Frameworks */,
				18905FB22459A7B300ED07F9 /* Alamofire.framework in Embed Frameworks */,
			);
			name = "Embed Frameworks";
			runOnlyForDeploymentPostprocessing = 0;
		};
/* End PBXCopyFilesBuildPhase section */

/* Begin PBXFileReference section */
		18610646245994D900E3BC61 /* Employer.app */ = {isa = PBXFileReference; explicitFileType = wrapper.application; includeInIndex = 0; path = Employer.app; sourceTree = BUILT_PRODUCTS_DIR; };
		18610649245994D900E3BC61 /* AppDelegate.swift */ = {isa = PBXFileReference; lastKnownFileType = sourcecode.swift; path = AppDelegate.swift; sourceTree = "<group>"; };
		1861064B245994D900E3BC61 /* SceneDelegate.swift */ = {isa = PBXFileReference; lastKnownFileType = sourcecode.swift; path = SceneDelegate.swift; sourceTree = "<group>"; };
		1861064D245994D900E3BC61 /* ViewController.swift */ = {isa = PBXFileReference; lastKnownFileType = sourcecode.swift; path = ViewController.swift; sourceTree = "<group>"; };
		18610650245994D900E3BC61 /* Base */ = {isa = PBXFileReference; lastKnownFileType = file.storyboard; name = Base; path = Base.lproj/Main.storyboard; sourceTree = "<group>"; };
		18610652245994DC00E3BC61 /* Assets.xcassets */ = {isa = PBXFileReference; lastKnownFileType = folder.assetcatalog; path = Assets.xcassets; sourceTree = "<group>"; };
		18610655245994DC00E3BC61 /* Base */ = {isa = PBXFileReference; lastKnownFileType = file.storyboard; name = Base; path = Base.lproj/LaunchScreen.storyboard; sourceTree = "<group>"; };
		18610657245994DC00E3BC61 /* Info.plist */ = {isa = PBXFileReference; lastKnownFileType = text.plist.xml; path = Info.plist; sourceTree = "<group>"; };
		1861065C245994DC00E3BC61 /* EmployerTests.xctest */ = {isa = PBXFileReference; explicitFileType = wrapper.cfbundle; includeInIndex = 0; path = EmployerTests.xctest; sourceTree = BUILT_PRODUCTS_DIR; };
		18610660245994DC00E3BC61 /* EmployerTests.swift */ = {isa = PBXFileReference; lastKnownFileType = sourcecode.swift; path = EmployerTests.swift; sourceTree = "<group>"; };
		18610662245994DC00E3BC61 /* Info.plist */ = {isa = PBXFileReference; lastKnownFileType = text.plist.xml; path = Info.plist; sourceTree = "<group>"; };
		18610667245994DC00E3BC61 /* EmployerUITests.xctest */ = {isa = PBXFileReference; explicitFileType = wrapper.cfbundle; includeInIndex = 0; path = EmployerUITests.xctest; sourceTree = BUILT_PRODUCTS_DIR; };
		1861066B245994DC00E3BC61 /* EmployerUITests.swift */ = {isa = PBXFileReference; lastKnownFileType = sourcecode.swift; path = EmployerUITests.swift; sourceTree = "<group>"; };
		1861066D245994DC00E3BC61 /* Info.plist */ = {isa = PBXFileReference; lastKnownFileType = text.plist.xml; path = Info.plist; sourceTree = "<group>"; };
		186106792459975A00E3BC61 /* EmployeeCodables.swift */ = {isa = PBXFileReference; lastKnownFileType = sourcecode.swift; path = EmployeeCodables.swift; sourceTree = "<group>"; };
		18832ACD2459A18000E118EF /* Environment.swift */ = {isa = PBXFileReference; lastKnownFileType = sourcecode.swift; path = Environment.swift; sourceTree = "<group>"; };
		18832ACF2459A27400E118EF /* RequestType.swift */ = {isa = PBXFileReference; lastKnownFileType = sourcecode.swift; path = RequestType.swift; sourceTree = "<group>"; };
		18832AD12459A2A500E118EF /* BaseRequest.swift */ = {isa = PBXFileReference; lastKnownFileType = sourcecode.swift; path = BaseRequest.swift; sourceTree = "<group>"; };
		18905FB02459A7B300ED07F9 /* Alamofire.framework */ = {isa = PBXFileReference; explicitFileType = wrapper.framework; path = Alamofire.framework; sourceTree = BUILT_PRODUCTS_DIR; };
		18905FB42459A7EB00ED07F9 /* SDWebImage.framework */ = {isa = PBXFileReference; explicitFileType = wrapper.framework; path = SDWebImage.framework; sourceTree = BUILT_PRODUCTS_DIR; };
		1B38264D661A06AA76D7B337 /* Pods_Employer.framework */ = {isa = PBXFileReference; explicitFileType = wrapper.framework; includeInIndex = 0; path = Pods_Employer.framework; sourceTree = BUILT_PRODUCTS_DIR; };
		30A8C04907B56E9900941199 /* Pods-Employer.debug.xcconfig */ = {isa = PBXFileReference; includeInIndex = 1; lastKnownFileType = text.xcconfig; name = "Pods-Employer.debug.xcconfig"; path = "Target Support Files/Pods-Employer/Pods-Employer.debug.xcconfig"; sourceTree = "<group>"; };
		F54D3A900566317258B2A93D /* Pods-Employer.release.xcconfig */ = {isa = PBXFileReference; includeInIndex = 1; lastKnownFileType = text.xcconfig; name = "Pods-Employer.release.xcconfig"; path = "Target Support Files/Pods-Employer/Pods-Employer.release.xcconfig"; sourceTree = "<group>"; };
/* End PBXFileReference section */

/* Begin PBXFrameworksBuildPhase section */
		18610643245994D900E3BC61 /* Frameworks */ = {
			isa = PBXFrameworksBuildPhase;
			buildActionMask = 2147483647;
			files = (
				18905FB52459A7EB00ED07F9 /* SDWebImage.framework in Frameworks */,
				18905FB12459A7B300ED07F9 /* Alamofire.framework in Frameworks */,
				ABC14D13B20338F5B31A890E /* Pods_Employer.framework in Frameworks */,
			);
			runOnlyForDeploymentPostprocessing = 0;
		};
		18610659245994DC00E3BC61 /* Frameworks */ = {
			isa = PBXFrameworksBuildPhase;
			buildActionMask = 2147483647;
			files = (
			);
			runOnlyForDeploymentPostprocessing = 0;
		};
		18610664245994DC00E3BC61 /* Frameworks */ = {
			isa = PBXFrameworksBuildPhase;
			buildActionMask = 2147483647;
			files = (
			);
			runOnlyForDeploymentPostprocessing = 0;
		};
/* End PBXFrameworksBuildPhase section */

/* Begin PBXGroup section */
		1861063D245994D900E3BC61 = {
			isa = PBXGroup;
			children = (
				18610648245994D900E3BC61 /* Employer */,
				1861065F245994DC00E3BC61 /* EmployerTests */,
				1861066A245994DC00E3BC61 /* EmployerUITests */,
				18610647245994D900E3BC61 /* Products */,
				247D1F637E3A574B20349CAA /* Pods */,
				CF1B6D511F88EDD055395725 /* Frameworks */,
			);
			sourceTree = "<group>";
		};
		18610647245994D900E3BC61 /* Products */ = {
			isa = PBXGroup;
			children = (
				18610646245994D900E3BC61 /* Employer.app */,
				1861065C245994DC00E3BC61 /* EmployerTests.xctest */,
				18610667245994DC00E3BC61 /* EmployerUITests.xctest */,
			);
			name = Products;
			sourceTree = "<group>";
		};
		18610648245994D900E3BC61 /* Employer */ = {
			isa = PBXGroup;
			children = (
				18610649245994D900E3BC61 /* AppDelegate.swift */,
				1861064B245994D900E3BC61 /* SceneDelegate.swift */,
				1861064D245994D900E3BC61 /* ViewController.swift */,
				186106792459975A00E3BC61 /* EmployeeCodables.swift */,
				18832ACD2459A18000E118EF /* Environment.swift */,
				18832ACF2459A27400E118EF /* RequestType.swift */,
				18832AD12459A2A500E118EF /* BaseRequest.swift */,
				1861064F245994D900E3BC61 /* Main.storyboard */,
				18610652245994DC00E3BC61 /* Assets.xcassets */,
				18610654245994DC00E3BC61 /* LaunchScreen.storyboard */,
				18610657245994DC00E3BC61 /* Info.plist */,
			);
			path = Employer;
			sourceTree = "<group>";
		};
		1861065F245994DC00E3BC61 /* EmployerTests */ = {
			isa = PBXGroup;
			children = (
				18610660245994DC00E3BC61 /* EmployerTests.swift */,
				18610662245994DC00E3BC61 /* Info.plist */,
			);
			path = EmployerTests;
			sourceTree = "<group>";
		};
		1861066A245994DC00E3BC61 /* EmployerUITests */ = {
			isa = PBXGroup;
			children = (
				1861066B245994DC00E3BC61 /* EmployerUITests.swift */,
				1861066D245994DC00E3BC61 /* Info.plist */,
			);
			path = EmployerUITests;
			sourceTree = "<group>";
		};
		247D1F637E3A574B20349CAA /* Pods */ = {
			isa = PBXGroup;
			children = (
				30A8C04907B56E9900941199 /* Pods-Employer.debug.xcconfig */,
				F54D3A900566317258B2A93D /* Pods-Employer.release.xcconfig */,
			);
			path = Pods;
			sourceTree = "<group>";
		};
		CF1B6D511F88EDD055395725 /* Frameworks */ = {
			isa = PBXGroup;
			children = (
				18905FB42459A7EB00ED07F9 /* SDWebImage.framework */,
				18905FB02459A7B300ED07F9 /* Alamofire.framework */,
				1B38264D661A06AA76D7B337 /* Pods_Employer.framework */,
			);
			name = Frameworks;
			sourceTree = "<group>";
		};
/* End PBXGroup section */

/* Begin PBXNativeTarget section */
		18610645245994D900E3BC61 /* Employer */ = {
			isa = PBXNativeTarget;
			buildConfigurationList = 18610670245994DC00E3BC61 /* Build configuration list for PBXNativeTarget "Employer" */;
			buildPhases = (
				AC58FC2F0721EA626D941E1D /* [CP] Check Pods Manifest.lock */,
				18610642245994D900E3BC61 /* Sources */,
				18610643245994D900E3BC61 /* Frameworks */,
				18610644245994D900E3BC61 /* Resources */,
				18905FB32459A7B300ED07F9 /* Embed Frameworks */,
				CE65F4AA35CB6A4473452960 /* [CP] Embed Pods Frameworks */,
			);
			buildRules = (
			);
			dependencies = (
			);
			name = Employer;
			productName = Employer;
			productReference = 18610646245994D900E3BC61 /* Employer.app */;
			productType = "com.apple.product-type.application";
		};
		1861065B245994DC00E3BC61 /* EmployerTests */ = {
			isa = PBXNativeTarget;
			buildConfigurationList = 18610673245994DC00E3BC61 /* Build configuration list for PBXNativeTarget "EmployerTests" */;
			buildPhases = (
				18610658245994DC00E3BC61 /* Sources */,
				18610659245994DC00E3BC61 /* Frameworks */,
				1861065A245994DC00E3BC61 /* Resources */,
			);
			buildRules = (
			);
			dependencies = (
				1861065E245994DC00E3BC61 /* PBXTargetDependency */,
			);
			name = EmployerTests;
			productName = EmployerTests;
			productReference = 1861065C245994DC00E3BC61 /* EmployerTests.xctest */;
			productType = "com.apple.product-type.bundle.unit-test";
		};
		18610666245994DC00E3BC61 /* EmployerUITests */ = {
			isa = PBXNativeTarget;
			buildConfigurationList = 18610676245994DC00E3BC61 /* Build configuration list for PBXNativeTarget "EmployerUITests" */;
			buildPhases = (
				18610663245994DC00E3BC61 /* Sources */,
				18610664245994DC00E3BC61 /* Frameworks */,
				18610665245994DC00E3BC61 /* Resources */,
			);
			buildRules = (
			);
			dependencies = (
				18610669245994DC00E3BC61 /* PBXTargetDependency */,
			);
			name = EmployerUITests;
			productName = EmployerUITests;
			productReference = 18610667245994DC00E3BC61 /* EmployerUITests.xctest */;
			productType = "com.apple.product-type.bundle.ui-testing";
		};
/* End PBXNativeTarget section */

/* Begin PBXProject section */
		1861063E245994D900E3BC61 /* Project object */ = {
			isa = PBXProject;
			attributes = {
				LastSwiftUpdateCheck = 1130;
				LastUpgradeCheck = 1130;
				ORGANIZATIONNAME = CCTech;
				TargetAttributes = {
					18610645245994D900E3BC61 = {
						CreatedOnToolsVersion = 11.3.1;
					};
					1861065B245994DC00E3BC61 = {
						CreatedOnToolsVersion = 11.3.1;
						TestTargetID = 18610645245994D900E3BC61;
					};
					18610666245994DC00E3BC61 = {
						CreatedOnToolsVersion = 11.3.1;
						TestTargetID = 18610645245994D900E3BC61;
					};
				};
			};
			buildConfigurationList = 18610641245994D900E3BC61 /* Build configuration list for PBXProject "Employer" */;
			compatibilityVersion = "Xcode 9.3";
			developmentRegion = en;
			hasScannedForEncodings = 0;
			knownRegions = (
				en,
				Base,
			);
			mainGroup = 1861063D245994D900E3BC61;
			productRefGroup = 18610647245994D900E3BC61 /* Products */;
			projectDirPath = "";
			projectRoot = "";
			targets = (
				18610645245994D900E3BC61 /* Employer */,
				1861065B245994DC00E3BC61 /* EmployerTests */,
				18610666245994DC00E3BC61 /* EmployerUITests */,
			);
		};
/* End PBXProject section */

/* Begin PBXResourcesBuildPhase section */
		18610644245994D900E3BC61 /* Resources */ = {
			isa = PBXResourcesBuildPhase;
			buildActionMask = 2147483647;
			files = (
				18610656245994DC00E3BC61 /* LaunchScreen.storyboard in Resources */,
				18610653245994DC00E3BC61 /* Assets.xcassets in Resources */,
				18610651245994D900E3BC61 /* Main.storyboard in Resources */,
			);
			runOnlyForDeploymentPostprocessing = 0;
		};
		1861065A245994DC00E3BC61 /* Resources */ = {
			isa = PBXResourcesBuildPhase;
			buildActionMask = 2147483647;
			files = (
			);
			runOnlyForDeploymentPostprocessing = 0;
		};
		18610665245994DC00E3BC61 /* Resources */ = {
			isa = PBXResourcesBuildPhase;
			buildActionMask = 2147483647;
			files = (
			);
			runOnlyForDeploymentPostprocessing = 0;
		};
/* End PBXResourcesBuildPhase section */

/* Begin PBXShellScriptBuildPhase section */
		AC58FC2F0721EA626D941E1D /* [CP] Check Pods Manifest.lock */ = {
			isa = PBXShellScriptBuildPhase;
			buildActionMask = 2147483647;
			files = (
			);
			inputFileListPaths = (
			);
			inputPaths = (
				"${PODS_PODFILE_DIR_PATH}/Podfile.lock",
				"${PODS_ROOT}/Manifest.lock",
			);
			name = "[CP] Check Pods Manifest.lock";
			outputFileListPaths = (
			);
			outputPaths = (
				"$(DERIVED_FILE_DIR)/Pods-Employer-checkManifestLockResult.txt",
			);
			runOnlyForDeploymentPostprocessing = 0;
			shellPath = /bin/sh;
			shellScript = "diff \"${PODS_PODFILE_DIR_PATH}/Podfile.lock\" \"${PODS_ROOT}/Manifest.lock\" > /dev/null\nif [ $? != 0 ] ; then\n    # print error to STDERR\n    echo \"error: The sandbox is not in sync with the Podfile.lock. Run 'pod install' or update your CocoaPods installation.\" >&2\n    exit 1\nfi\n# This output is used by Xcode 'outputs' to avoid re-running this script phase.\necho \"SUCCESS\" > \"${SCRIPT_OUTPUT_FILE_0}\"\n";
			showEnvVarsInLog = 0;
		};
		CE65F4AA35CB6A4473452960 /* [CP] Embed Pods Frameworks */ = {
			isa = PBXShellScriptBuildPhase;
			buildActionMask = 2147483647;
			files = (
			);
			inputFileListPaths = (
				"${PODS_ROOT}/Target Support Files/Pods-Employer/Pods-Employer-frameworks-${CONFIGURATION}-input-files.xcfilelist",
			);
			name = "[CP] Embed Pods Frameworks";
			outputFileListPaths = (
				"${PODS_ROOT}/Target Support Files/Pods-Employer/Pods-Employer-frameworks-${CONFIGURATION}-output-files.xcfilelist",
			);
			runOnlyForDeploymentPostprocessing = 0;
			shellPath = /bin/sh;
			shellScript = "\"${PODS_ROOT}/Target Support Files/Pods-Employer/Pods-Employer-frameworks.sh\"\n";
			showEnvVarsInLog = 0;
		};
/* End PBXShellScriptBuildPhase section */

/* Begin PBXSourcesBuildPhase section */
		18610642245994D900E3BC61 /* Sources */ = {
			isa = PBXSourcesBuildPhase;
			buildActionMask = 2147483647;
			files = (
				1861064E245994D900E3BC61 /* ViewController.swift in Sources */,
				1861064A245994D900E3BC61 /* AppDelegate.swift in Sources */,
				1861067A2459975A00E3BC61 /* EmployeeCodables.swift in Sources */,
				18832AD22459A2A500E118EF /* BaseRequest.swift in Sources */,
				1861064C245994D900E3BC61 /* SceneDelegate.swift in Sources */,
				18832ACE2459A18000E118EF /* Environment.swift in Sources */,
				18832AD02459A27400E118EF /* RequestType.swift in Sources */,
			);
			runOnlyForDeploymentPostprocessing = 0;
		};
		18610658245994DC00E3BC61 /* Sources */ = {
			isa = PBXSourcesBuildPhase;
			buildActionMask = 2147483647;
			files = (
				18610661245994DC00E3BC61 /* EmployerTests.swift in Sources */,
			);
			runOnlyForDeploymentPostprocessing = 0;
		};
		18610663245994DC00E3BC61 /* Sources */ = {
			isa = PBXSourcesBuildPhase;
			buildActionMask = 2147483647;
			files = (
				1861066C245994DC00E3BC61 /* EmployerUITests.swift in Sources */,
			);
			runOnlyForDeploymentPostprocessing = 0;
		};
/* End PBXSourcesBuildPhase section */

/* Begin PBXTargetDependency section */
		1861065E245994DC00E3BC61 /* PBXTargetDependency */ = {
			isa = PBXTargetDependency;
			target = 18610645245994D900E3BC61 /* Employer */;
			targetProxy = 1861065D245994DC00E3BC61 /* PBXContainerItemProxy */;
		};
		18610669245994DC00E3BC61 /* PBXTargetDependency */ = {
			isa = PBXTargetDependency;
			target = 18610645245994D900E3BC61 /* Employer */;
			targetProxy = 18610668245994DC00E3BC61 /* PBXContainerItemProxy */;
		};
/* End PBXTargetDependency section */

/* Begin PBXVariantGroup section */
		1861064F245994D900E3BC61 /* Main.storyboard */ = {
			isa = PBXVariantGroup;
			children = (
				18610650245994D900E3BC61 /* Base */,
			);
			name = Main.storyboard;
			sourceTree = "<group>";
		};
		18610654245994DC00E3BC61 /* LaunchScreen.storyboard */ = {
			isa = PBXVariantGroup;
			children = (
				18610655245994DC00E3BC61 /* Base */,
			);
			name = LaunchScreen.storyboard;
			sourceTree = "<group>";
		};
/* End PBXVariantGroup section */

/* Begin XCBuildConfiguration section */
		1861066E245994DC00E3BC61 /* Debug */ = {
			isa = XCBuildConfiguration;
			buildSettings = {
				ALWAYS_SEARCH_USER_PATHS = NO;
				CLANG_ANALYZER_NONNULL = YES;
				CLANG_ANALYZER_NUMBER_OBJECT_CONVERSION = YES_AGGRESSIVE;
				CLANG_CXX_LANGUAGE_STANDARD = "gnu++14";
				CLANG_CXX_LIBRARY = "libc++";
				CLANG_ENABLE_MODULES = YES;
				CLANG_ENABLE_OBJC_ARC = YES;
				CLANG_ENABLE_OBJC_WEAK = YES;
				CLANG_WARN_BLOCK_CAPTURE_AUTORELEASING = YES;
				CLANG_WARN_BOOL_CONVERSION = YES;
				CLANG_WARN_COMMA = YES;
				CLANG_WARN_CONSTANT_CONVERSION = YES;
				CLANG_WARN_DEPRECATED_OBJC_IMPLEMENTATIONS = YES;
				CLANG_WARN_DIRECT_OBJC_ISA_USAGE = YES_ERROR;
				CLANG_WARN_DOCUMENTATION_COMMENTS = YES;
				CLANG_WARN_EMPTY_BODY = YES;
				CLANG_WARN_ENUM_CONVERSION = YES;
				CLANG_WARN_INFINITE_RECURSION = YES;
				CLANG_WARN_INT_CONVERSION = YES;
				CLANG_WARN_NON_LITERAL_NULL_CONVERSION = YES;
				CLANG_WARN_OBJC_IMPLICIT_RETAIN_SELF = YES;
				CLANG_WARN_OBJC_LITERAL_CONVERSION = YES;
				CLANG_WARN_OBJC_ROOT_CLASS = YES_ERROR;
				CLANG_WARN_RANGE_LOOP_ANALYSIS = YES;
				CLANG_WARN_STRICT_PROTOTYPES = YES;
				CLANG_WARN_SUSPICIOUS_MOVE = YES;
				CLANG_WARN_UNGUARDED_AVAILABILITY = YES_AGGRESSIVE;
				CLANG_WARN_UNREACHABLE_CODE = YES;
				CLANG_WARN__DUPLICATE_METHOD_MATCH = YES;
				COPY_PHASE_STRIP = NO;
				DEBUG_INFORMATION_FORMAT = dwarf;
				ENABLE_STRICT_OBJC_MSGSEND = YES;
				ENABLE_TESTABILITY = YES;
				GCC_C_LANGUAGE_STANDARD = gnu11;
				GCC_DYNAMIC_NO_PIC = NO;
				GCC_NO_COMMON_BLOCKS = YES;
				GCC_OPTIMIZATION_LEVEL = 0;
				GCC_PREPROCESSOR_DEFINITIONS = (
					"DEBUG=1",
					"$(inherited)",
				);
				GCC_WARN_64_TO_32_BIT_CONVERSION = YES;
				GCC_WARN_ABOUT_RETURN_TYPE = YES_ERROR;
				GCC_WARN_UNDECLARED_SELECTOR = YES;
				GCC_WARN_UNINITIALIZED_AUTOS = YES_AGGRESSIVE;
				GCC_WARN_UNUSED_FUNCTION = YES;
				GCC_WARN_UNUSED_VARIABLE = YES;
				IPHONEOS_DEPLOYMENT_TARGET = 13.0;
				MTL_ENABLE_DEBUG_INFO = INCLUDE_SOURCE;
				MTL_FAST_MATH = YES;
				ONLY_ACTIVE_ARCH = YES;
				SDKROOT = iphoneos;
				SWIFT_ACTIVE_COMPILATION_CONDITIONS = DEBUG;
				SWIFT_OPTIMIZATION_LEVEL = "-Onone";
			};
			name = Debug;
		};
		1861066F245994DC00E3BC61 /* Release */ = {
			isa = XCBuildConfiguration;
			buildSettings = {
				ALWAYS_SEARCH_USER_PATHS = NO;
				CLANG_ANALYZER_NONNULL = YES;
				CLANG_ANALYZER_NUMBER_OBJECT_CONVERSION = YES_AGGRESSIVE;
				CLANG_CXX_LANGUAGE_STANDARD = "gnu++14";
				CLANG_CXX_LIBRARY = "libc++";
				CLANG_ENABLE_MODULES = YES;
				CLANG_ENABLE_OBJC_ARC = YES;
				CLANG_ENABLE_OBJC_WEAK = YES;
				CLANG_WARN_BLOCK_CAPTURE_AUTORELEASING = YES;
				CLANG_WARN_BOOL_CONVERSION = YES;
				CLANG_WARN_COMMA = YES;
				CLANG_WARN_CONSTANT_CONVERSION = YES;
				CLANG_WARN_DEPRECATED_OBJC_IMPLEMENTATIONS = YES;
				CLANG_WARN_DIRECT_OBJC_ISA_USAGE = YES_ERROR;
				CLANG_WARN_DOCUMENTATION_COMMENTS = YES;
				CLANG_WARN_EMPTY_BODY = YES;
				CLANG_WARN_ENUM_CONVERSION = YES;
				CLANG_WARN_INFINITE_RECURSION = YES;
				CLANG_WARN_INT_CONVERSION = YES;
				CLANG_WARN_NON_LITERAL_NULL_CONVERSION = YES;
				CLANG_WARN_OBJC_IMPLICIT_RETAIN_SELF = YES;
				CLANG_WARN_OBJC_LITERAL_CONVERSION = YES;
				CLANG_WARN_OBJC_ROOT_CLASS = YES_ERROR;
				CLANG_WARN_RANGE_LOOP_ANALYSIS = YES;
				CLANG_WARN_STRICT_PROTOTYPES = YES;
				CLANG_WARN_SUSPICIOUS_MOVE = YES;
				CLANG_WARN_UNGUARDED_AVAILABILITY = YES_AGGRESSIVE;
				CLANG_WARN_UNREACHABLE_CODE = YES;
				CLANG_WARN__DUPLICATE_METHOD_MATCH = YES;
				COPY_PHASE_STRIP = NO;
				DEBUG_INFORMATION_FORMAT = "dwarf-with-dsym";
				ENABLE_NS_ASSERTIONS = NO;
				ENABLE_STRICT_OBJC_MSGSEND = YES;
				GCC_C_LANGUAGE_STANDARD = gnu11;
				GCC_NO_COMMON_BLOCKS = YES;
				GCC_WARN_64_TO_32_BIT_CONVERSION = YES;
				GCC_WARN_ABOUT_RETURN_TYPE = YES_ERROR;
				GCC_WARN_UNDECLARED_SELECTOR = YES;
				GCC_WARN_UNINITIALIZED_AUTOS = YES_AGGRESSIVE;
				GCC_WARN_UNUSED_FUNCTION = YES;
				GCC_WARN_UNUSED_VARIABLE = YES;
				IPHONEOS_DEPLOYMENT_TARGET = 13.0;
				MTL_ENABLE_DEBUG_INFO = NO;
				MTL_FAST_MATH = YES;
				SDKROOT = iphoneos;
				SWIFT_COMPILATION_MODE = wholemodule;
				SWIFT_OPTIMIZATION_LEVEL = "-O";
				VALIDATE_PRODUCT = YES;
			};
			name = Release;
		};
		18610671245994DC00E3BC61 /* Debug */ = {
			isa = XCBuildConfiguration;
			baseConfigurationReference = 30A8C04907B56E9900941199 /* Pods-Employer.debug.xcconfig */;
			buildSettings = {
				ASSETCATALOG_COMPILER_APPICON_NAME = AppIcon;
				BASE_URL = "http://dummy.restapiexample.com/api/v1/";
				CODE_SIGN_IDENTITY = "Apple Development";
				CODE_SIGN_STYLE = Automatic;
				DEVELOPMENT_TEAM = "";
				INFOPLIST_FILE = Employer/Info.plist;
				LD_RUNPATH_SEARCH_PATHS = (
					"$(inherited)",
					"@executable_path/Frameworks",
				);
				PRODUCT_BUNDLE_IDENTIFIER = CCTech.Employer;
				PRODUCT_NAME = "$(TARGET_NAME)";
				PROVISIONING_PROFILE_SPECIFIER = "";
				SWIFT_VERSION = 5.0;
				TARGETED_DEVICE_FAMILY = "1,2";
			};
			name = Debug;
		};
		18610672245994DC00E3BC61 /* Release */ = {
			isa = XCBuildConfiguration;
			baseConfigurationReference = F54D3A900566317258B2A93D /* Pods-Employer.release.xcconfig */;
			buildSettings = {
				ASSETCATALOG_COMPILER_APPICON_NAME = AppIcon;
				BASE_URL = "http://dummy.restapiexample.com/api/v1/";
				CODE_SIGN_IDENTITY = "Apple Development";
				CODE_SIGN_STYLE = Automatic;
				DEVELOPMENT_TEAM = "";
				INFOPLIST_FILE = Employer/Info.plist;
				LD_RUNPATH_SEARCH_PATHS = (
					"$(inherited)",
					"@executable_path/Frameworks",
				);
				PRODUCT_BUNDLE_IDENTIFIER = CCTech.Employer;
				PRODUCT_NAME = "$(TARGET_NAME)";
				PROVISIONING_PROFILE_SPECIFIER = "";
				SWIFT_VERSION = 5.0;
				TARGETED_DEVICE_FAMILY = "1,2";
			};
			name = Release;
		};
		18610674245994DC00E3BC61 /* Debug */ = {
			isa = XCBuildConfiguration;
			buildSettings = {
				ALWAYS_EMBED_SWIFT_STANDARD_LIBRARIES = YES;
				BUNDLE_LOADER = "$(TEST_HOST)";
				CODE_SIGN_STYLE = Automatic;
				INFOPLIST_FILE = EmployerTests/Info.plist;
				IPHONEOS_DEPLOYMENT_TARGET = 13.2;
				LD_RUNPATH_SEARCH_PATHS = (
					"$(inherited)",
					"@executable_path/Frameworks",
					"@loader_path/Frameworks",
				);
				PRODUCT_BUNDLE_IDENTIFIER = CCTech.EmployerTests;
				PRODUCT_NAME = "$(TARGET_NAME)";
				SWIFT_VERSION = 5.0;
				TARGETED_DEVICE_FAMILY = "1,2";
				TEST_HOST = "$(BUILT_PRODUCTS_DIR)/Employer.app/Employer";
			};
			name = Debug;
		};
		18610675245994DC00E3BC61 /* Release */ = {
			isa = XCBuildConfiguration;
			buildSettings = {
				ALWAYS_EMBED_SWIFT_STANDARD_LIBRARIES = YES;
				BUNDLE_LOADER = "$(TEST_HOST)";
				CODE_SIGN_STYLE = Automatic;
				INFOPLIST_FILE = EmployerTests/Info.plist;
				IPHONEOS_DEPLOYMENT_TARGET = 13.2;
				LD_RUNPATH_SEARCH_PATHS = (
					"$(inherited)",
					"@executable_path/Frameworks",
					"@loader_path/Frameworks",
				);
				PRODUCT_BUNDLE_IDENTIFIER = CCTech.EmployerTests;
				PRODUCT_NAME = "$(TARGET_NAME)";
				SWIFT_VERSION = 5.0;
				TARGETED_DEVICE_FAMILY = "1,2";
				TEST_HOST = "$(BUILT_PRODUCTS_DIR)/Employer.app/Employer";
			};
			name = Release;
		};
		18610677245994DC00E3BC61 /* Debug */ = {
			isa = XCBuildConfiguration;
			buildSettings = {
				ALWAYS_EMBED_SWIFT_STANDARD_LIBRARIES = YES;
				CODE_SIGN_STYLE = Automatic;
				INFOPLIST_FILE = EmployerUITests/Info.plist;
				LD_RUNPATH_SEARCH_PATHS = (
					"$(inherited)",
					"@executable_path/Frameworks",
					"@loader_path/Frameworks",
				);
				PRODUCT_BUNDLE_IDENTIFIER = CCTech.EmployerUITests;
				PRODUCT_NAME = "$(TARGET_NAME)";
				SWIFT_VERSION = 5.0;
				TARGETED_DEVICE_FAMILY = "1,2";
				TEST_TARGET_NAME = Employer;
			};
			name = Debug;
		};
		18610678245994DC00E3BC61 /* Release */ = {
			isa = XCBuildConfiguration;
			buildSettings = {
				ALWAYS_EMBED_SWIFT_STANDARD_LIBRARIES = YES;
				CODE_SIGN_STYLE = Automatic;
				INFOPLIST_FILE = EmployerUITests/Info.plist;
				LD_RUNPATH_SEARCH_PATHS = (
					"$(inherited)",
					"@executable_path/Frameworks",
					"@loader_path/Frameworks",
				);
				PRODUCT_BUNDLE_IDENTIFIER = CCTech.EmployerUITests;
				PRODUCT_NAME = "$(TARGET_NAME)";
				SWIFT_VERSION = 5.0;
				TARGETED_DEVICE_FAMILY = "1,2";
				TEST_TARGET_NAME = Employer;
			};
			name = Release;
		};
/* End XCBuildConfiguration section */

/* Begin XCConfigurationList section */
		18610641245994D900E3BC61 /* Build configuration list for PBXProject "Employer" */ = {
			isa = XCConfigurationList;
			buildConfigurations = (
				1861066E245994DC00E3BC61 /* Debug */,
				1861066F245994DC00E3BC61 /* Release */,
			);
			defaultConfigurationIsVisible = 0;
			defaultConfigurationName = Release;
		};
		18610670245994DC00E3BC61 /* Build configuration list for PBXNativeTarget "Employer" */ = {
			isa = XCConfigurationList;
			buildConfigurations = (
				18610671245994DC00E3BC61 /* Debug */,
				18610672245994DC00E3BC61 /* Release */,
			);
			defaultConfigurationIsVisible = 0;
			defaultConfigurationName = Release;
		};
		18610673245994DC00E3BC61 /* Build configuration list for PBXNativeTarget "EmployerTests" */ = {
			isa = XCConfigurationList;
			buildConfigurations = (
				18610674245994DC00E3BC61 /* Debug */,
				18610675245994DC00E3BC61 /* Release */,
			);
			defaultConfigurationIsVisible = 0;
			defaultConfigurationName = Release;
		};
		18610676245994DC00E3BC61 /* Build configuration list for PBXNativeTarget "EmployerUITests" */ = {
			isa = XCConfigurationList;
			buildConfigurations = (
				18610677245994DC00E3BC61 /* Debug */,
				18610678245994DC00E3BC61 /* Release */,
			);
			defaultConfigurationIsVisible = 0;
			defaultConfigurationName = Release;
		};
/* End XCConfigurationList section */
	};
	rootObject = 1861063E245994D900E3BC61 /* Project object */;
}
